
Microsoft Visual Studio Solution File, Format Version 12.00
# Visual Studio 15
VisualStudioVersion = 15.0.27703.2042
MinimumVisualStudioVersion = 12.0
Project("{8BC9CEB8-8B4A-11D0-8D11-00A0C91BC942}") = "pvvxbn", "pvvxbn\pvvxbn.vcxproj", "{F28366DE-41F6-476F-9374-942EE1D1B314}"
EndProject
Project("{8BC9CEB8-8B4A-11D0-8D11-00A0C91BC942}") = "pvvxblk", "pvvxblk\pvvxblk.vcxproj", "{6824568D-1417-4620-9B9E-CFB9A61219F5}"
EndProject
Project("{8BC9CEB8-8B4A-11D0-8D11-00A0C91BC942}") = "pvvxnet", "pvvxnet\pvvxnet.vcxproj", "{1DDC3737-01E5-401D-931E-7CAAF1C5B095}"
EndProject
Project("{8BC9CEB8-8B4A-11D0-8D11-00A0C91BC942}") = "pvvxscsi", "pvvxscsi\pvvxscsi.vcxproj", "{397E58D5-E0EB-420A-BD68-9E5DDC83607E}"
EndProject
Global
	GlobalSection(SolutionConfigurationPlatforms) = preSolution
		Debug|x64 = Debug|x64
		Debug|x86 = Debug|x86
		Release|x64 = Release|x64
		Release|x86 = Release|x86
		Win10 Debug|x64 = Win10 Debug|x64
		Win10 Debug|x86 = Win10 Debug|x86
		Win10 Release|x64 = Win10 Release|x64
		Win10 Release|x86 = Win10 Release|x86
		Win8 Debug|x64 = Win8 Debug|x64
		Win8 Debug|x86 = Win8 Debug|x86
		Win8 Release|x64 = Win8 Release|x64
		Win8 Release|x86 = Win8 Release|x86
		Win8.1 Debug|x64 = Win8.1 Debug|x64
		Win8.1 Debug|x86 = Win8.1 Debug|x86
		Win8.1 Release|x64 = Win8.1 Release|x64
		Win8.1 Release|x86 = Win8.1 Release|x86
	EndGlobalSection
	GlobalSection(ProjectConfigurationPlatforms) = postSolution
		{F28366DE-41F6-476F-9374-942EE1D1B314}.Debug|x64.ActiveCfg = Debug|x64
		{F28366DE-41F6-476F-9374-942EE1D1B314}.Debug|x64.Build.0 = Debug|x64
		{F28366DE-41F6-476F-9374-942EE1D1B314}.Debug|x64.Deploy.0 = Debug|x64
		{F28366DE-41F6-476F-9374-942EE1D1B314}.Debug|x86.ActiveCfg = Debug|Win32
		{F28366DE-41F6-476F-9374-942EE1D1B314}.Debug|x86.Build.0 = Debug|Win32
		{F28366DE-41F6-476F-9374-942EE1D1B314}.Debug|x86.Deploy.0 = Debug|Win32
		{F28366DE-41F6-476F-9374-942EE1D1B314}.Release|x64.ActiveCfg = Release|x64
		{F28366DE-41F6-476F-9374-942EE1D1B314}.Release|x64.Build.0 = Release|x64
		{F28366DE-41F6-476F-9374-942EE1D1B314}.Release|x64.Deploy.0 = Release|x64
		{F28366DE-41F6-476F-9374-942EE1D1B314}.Release|x86.ActiveCfg = Release|Win32
		{F28366DE-41F6-476F-9374-942EE1D1B314}.Release|x86.Build.0 = Release|Win32
		{F28366DE-41F6-476F-9374-942EE1D1B314}.Release|x86.Deploy.0 = Release|Win32
		{F28366DE-41F6-476F-9374-942EE1D1B314}.Win10 Debug|x64.ActiveCfg = Win10 Debug|x64
		{F28366DE-41F6-476F-9374-942EE1D1B314}.Win10 Debug|x64.Build.0 = Win10 Debug|x64
		{F28366DE-41F6-476F-9374-942EE1D1B314}.Win10 Debug|x64.Deploy.0 = Win10 Debug|x64
		{F28366DE-41F6-476F-9374-942EE1D1B314}.Win10 Debug|x86.ActiveCfg = Win10 Debug|Win32
		{F28366DE-41F6-476F-9374-942EE1D1B314}.Win10 Debug|x86.Build.0 = Win10 Debug|Win32
		{F28366DE-41F6-476F-9374-942EE1D1B314}.Win10 Debug|x86.Deploy.0 = Win10 Debug|Win32
		{F28366DE-41F6-476F-9374-942EE1D1B314}.Win10 Release|x64.ActiveCfg = Win10 Release|x64
		{F28366DE-41F6-476F-9374-942EE1D1B314}.Win10 Release|x64.Build.0 = Win10 Release|x64
		{F28366DE-41F6-476F-9374-942EE1D1B314}.Win10 Release|x64.Deploy.0 = Win10 Release|x64
		{F28366DE-41F6-476F-9374-942EE1D1B314}.Win10 Release|x86.ActiveCfg = Win10 Release|Win32
		{F28366DE-41F6-476F-9374-942EE1D1B314}.Win10 Release|x86.Build.0 = Win10 Release|Win32
		{F28366DE-41F6-476F-9374-942EE1D1B314}.Win10 Release|x86.Deploy.0 = Win10 Release|Win32
		{F28366DE-41F6-476F-9374-942EE1D1B314}.Win8 Debug|x64.ActiveCfg = Win8 Debug|x64
		{F28366DE-41F6-476F-9374-942EE1D1B314}.Win8 Debug|x64.Build.0 = Win8 Debug|x64
		{F28366DE-41F6-476F-9374-942EE1D1B314}.Win8 Debug|x64.Deploy.0 = Win8 Debug|x64
		{F28366DE-41F6-476F-9374-942EE1D1B314}.Win8 Debug|x86.ActiveCfg = Win8 Debug|Win32
		{F28366DE-41F6-476F-9374-942EE1D1B314}.Win8 Debug|x86.Build.0 = Win8 Debug|Win32
		{F28366DE-41F6-476F-9374-942EE1D1B314}.Win8 Debug|x86.Deploy.0 = Win8 Debug|Win32
		{F28366DE-41F6-476F-9374-942EE1D1B314}.Win8 Release|x64.ActiveCfg = Win8 Release|x64
		{F28366DE-41F6-476F-9374-942EE1D1B314}.Win8 Release|x64.Build.0 = Win8 Release|x64
		{F28366DE-41F6-476F-9374-942EE1D1B314}.Win8 Release|x64.Deploy.0 = Win8 Release|x64
		{F28366DE-41F6-476F-9374-942EE1D1B314}.Win8 Release|x86.ActiveCfg = Win8 Release|Win32
		{F28366DE-41F6-476F-9374-942EE1D1B314}.Win8 Release|x86.Build.0 = Win8 Release|Win32
		{F28366DE-41F6-476F-9374-942EE1D1B314}.Win8 Release|x86.Deploy.0 = Win8 Release|Win32
		{F28366DE-41F6-476F-9374-942EE1D1B314}.Win8.1 Debug|x64.ActiveCfg = Win8.1 Debug|x64
		{F28366DE-41F6-476F-9374-942EE1D1B314}.Win8.1 Debug|x64.Build.0 = Win8.1 Debug|x64
		{F28366DE-41F6-476F-9374-942EE1D1B314}.Win8.1 Debug|x64.Deploy.0 = Win8.1 Debug|x64
		{F28366DE-41F6-476F-9374-942EE1D1B314}.Win8.1 Debug|x86.ActiveCfg = Win8.1 Debug|Win32
		{F28366DE-41F6-476F-9374-942EE1D1B314}.Win8.1 Debug|x86.Build.0 = Win8.1 Debug|Win32
		{F28366DE-41F6-476F-9374-942EE1D1B314}.Win8.1 Debug|x86.Deploy.0 = Win8.1 Debug|Win32
		{F28366DE-41F6-476F-9374-942EE1D1B314}.Win8.1 Release|x64.ActiveCfg = Win8.1 Release|x64
		{F28366DE-41F6-476F-9374-942EE1D1B314}.Win8.1 Release|x64.Build.0 = Win8.1 Release|x64
		{F28366DE-41F6-476F-9374-942EE1D1B314}.Win8.1 Release|x64.Deploy.0 = Win8.1 Release|x64
		{F28366DE-41F6-476F-9374-942EE1D1B314}.Win8.1 Release|x86.ActiveCfg = Win8.1 Release|Win32
		{F28366DE-41F6-476F-9374-942EE1D1B314}.Win8.1 Release|x86.Build.0 = Win8.1 Release|Win32
		{F28366DE-41F6-476F-9374-942EE1D1B314}.Win8.1 Release|x86.Deploy.0 = Win8.1 Release|Win32
		{6824568D-1417-4620-9B9E-CFB9A61219F5}.Debug|x64.ActiveCfg = Debug|x64
		{6824568D-1417-4620-9B9E-CFB9A61219F5}.Debug|x64.Build.0 = Debug|x64
		{6824568D-1417-4620-9B9E-CFB9A61219F5}.Debug|x64.Deploy.0 = Debug|x64
		{6824568D-1417-4620-9B9E-CFB9A61219F5}.Debug|x86.ActiveCfg = Debug|Win32
		{6824568D-1417-4620-9B9E-CFB9A61219F5}.Debug|x86.Build.0 = Debug|Win32
		{6824568D-1417-4620-9B9E-CFB9A61219F5}.Debug|x86.Deploy.0 = Debug|Win32
		{6824568D-1417-4620-9B9E-CFB9A61219F5}.Release|x64.ActiveCfg = Release|x64
		{6824568D-1417-4620-9B9E-CFB9A61219F5}.Release|x64.Build.0 = Release|x64
		{6824568D-1417-4620-9B9E-CFB9A61219F5}.Release|x64.Deploy.0 = Release|x64
		{6824568D-1417-4620-9B9E-CFB9A61219F5}.Release|x86.ActiveCfg = Release|Win32
		{6824568D-1417-4620-9B9E-CFB9A61219F5}.Release|x86.Build.0 = Release|Win32
		{6824568D-1417-4620-9B9E-CFB9A61219F5}.Release|x86.Deploy.0 = Release|Win32
		{6824568D-1417-4620-9B9E-CFB9A61219F5}.Win10 Debug|x64.ActiveCfg = Win10 Debug|x64
		{6824568D-1417-4620-9B9E-CFB9A61219F5}.Win10 Debug|x64.Build.0 = Win10 Debug|x64
		{6824568D-1417-4620-9B9E-CFB9A61219F5}.Win10 Debug|x64.Deploy.0 = Win10 Debug|x64
		{6824568D-1417-4620-9B9E-CFB9A61219F5}.Win10 Debug|x86.ActiveCfg = Win10 Debug|Win32
		{6824568D-1417-4620-9B9E-CFB9A61219F5}.Win10 Debug|x86.Build.0 = Win10 Debug|Win32
		{6824568D-1417-4620-9B9E-CFB9A61219F5}.Win10 Debug|x86.Deploy.0 = Win10 Debug|Win32
		{6824568D-1417-4620-9B9E-CFB9A61219F5}.Win10 Release|x64.ActiveCfg = Win10 Release|x64
		{6824568D-1417-4620-9B9E-CFB9A61219F5}.Win10 Release|x64.Build.0 = Win10 Release|x64
		{6824568D-1417-4620-9B9E-CFB9A61219F5}.Win10 Release|x64.Deploy.0 = Win10 Release|x64
		{6824568D-1417-4620-9B9E-CFB9A61219F5}.Win10 Release|x86.ActiveCfg = Win10 Release|Win32
		{6824568D-1417-4620-9B9E-CFB9A61219F5}.Win10 Release|x86.Build.0 = Win10 Release|Win32
		{6824568D-1417-4620-9B9E-CFB9A61219F5}.Win10 Release|x86.Deploy.0 = Win10 Release|Win32
		{6824568D-1417-4620-9B9E-CFB9A61219F5}.Win8 Debug|x64.ActiveCfg = Win8 Debug|x64
		{6824568D-1417-4620-9B9E-CFB9A61219F5}.Win8 Debug|x64.Build.0 = Win8 Debug|x64
		{6824568D-1417-4620-9B9E-CFB9A61219F5}.Win8 Debug|x64.Deploy.0 = Win8 Debug|x64
		{6824568D-1417-4620-9B9E-CFB9A61219F5}.Win8 Debug|x86.ActiveCfg = Win8 Debug|Win32
		{6824568D-1417-4620-9B9E-CFB9A61219F5}.Win8 Debug|x86.Build.0 = Win8 Debug|Win32
		{6824568D-1417-4620-9B9E-CFB9A61219F5}.Win8 Debug|x86.Deploy.0 = Win8 Debug|Win32
		{6824568D-1417-4620-9B9E-CFB9A61219F5}.Win8 Release|x64.ActiveCfg = Win8 Release|x64
		{6824568D-1417-4620-9B9E-CFB9A61219F5}.Win8 Release|x64.Build.0 = Win8 Release|x64
		{6824568D-1417-4620-9B9E-CFB9A61219F5}.Win8 Release|x64.Deploy.0 = Win8 Release|x64
		{6824568D-1417-4620-9B9E-CFB9A61219F5}.Win8 Release|x86.ActiveCfg = Win8 Release|Win32
		{6824568D-1417-4620-9B9E-CFB9A61219F5}.Win8 Release|x86.Build.0 = Win8 Release|Win32
		{6824568D-1417-4620-9B9E-CFB9A61219F5}.Win8 Release|x86.Deploy.0 = Win8 Release|Win32
		{6824568D-1417-4620-9B9E-CFB9A61219F5}.Win8.1 Debug|x64.ActiveCfg = Win8.1 Debug|x64
		{6824568D-1417-4620-9B9E-CFB9A61219F5}.Win8.1 Debug|x64.Build.0 = Win8.1 Debug|x64
		{6824568D-1417-4620-9B9E-CFB9A61219F5}.Win8.1 Debug|x64.Deploy.0 = Win8.1 Debug|x64
		{6824568D-1417-4620-9B9E-CFB9A61219F5}.Win8.1 Debug|x86.ActiveCfg = Win8.1 Debug|Win32
		{6824568D-1417-4620-9B9E-CFB9A61219F5}.Win8.1 Debug|x86.Build.0 = Win8.1 Debug|Win32
		{6824568D-1417-4620-9B9E-CFB9A61219F5}.Win8.1 Debug|x86.Deploy.0 = Win8.1 Debug|Win32
		{6824568D-1417-4620-9B9E-CFB9A61219F5}.Win8.1 Release|x64.ActiveCfg = Win8.1 Release|x64
		{6824568D-1417-4620-9B9E-CFB9A61219F5}.Win8.1 Release|x64.Build.0 = Win8.1 Release|x64
		{6824568D-1417-4620-9B9E-CFB9A61219F5}.Win8.1 Release|x64.Deploy.0 = Win8.1 Release|x64
		{6824568D-1417-4620-9B9E-CFB9A61219F5}.Win8.1 Release|x86.ActiveCfg = Win8.1 Release|Win32
		{6824568D-1417-4620-9B9E-CFB9A61219F5}.Win8.1 Release|x86.Build.0 = Win8.1 Release|Win32
		{6824568D-1417-4620-9B9E-CFB9A61219F5}.Win8.1 Release|x86.Deploy.0 = Win8.1 Release|Win32
		{1DDC3737-01E5-401D-931E-7CAAF1C5B095}.Debug|x64.ActiveCfg = Debug|x64
		{1DDC3737-01E5-401D-931E-7CAAF1C5B095}.Debug|x64.Build.0 = Debug|x64
		{1DDC3737-01E5-401D-931E-7CAAF1C5B095}.Debug|x64.Deploy.0 = Debug|x64
		{1DDC3737-01E5-401D-931E-7CAAF1C5B095}.Debug|x86.ActiveCfg = Debug|Win32
		{1DDC3737-01E5-401D-931E-7CAAF1C5B095}.Debug|x86.Build.0 = Debug|Win32
		{1DDC3737-01E5-401D-931E-7CAAF1C5B095}.Debug|x86.Deploy.0 = Debug|Win32
		{1DDC3737-01E5-401D-931E-7CAAF1C5B095}.Release|x64.ActiveCfg = Release|x64
		{1DDC3737-01E5-401D-931E-7CAAF1C5B095}.Release|x64.Build.0 = Release|x64
		{1DDC3737-01E5-401D-931E-7CAAF1C5B095}.Release|x64.Deploy.0 = Release|x64
		{1DDC3737-01E5-401D-931E-7CAAF1C5B095}.Release|x86.ActiveCfg = Release|Win32
		{1DDC3737-01E5-401D-931E-7CAAF1C5B095}.Release|x86.Build.0 = Release|Win32
		{1DDC3737-01E5-401D-931E-7CAAF1C5B095}.Release|x86.Deploy.0 = Release|Win32
		{1DDC3737-01E5-401D-931E-7CAAF1C5B095}.Win10 Debug|x64.ActiveCfg = Win10 Debug|x64
		{1DDC3737-01E5-401D-931E-7CAAF1C5B095}.Win10 Debug|x64.Build.0 = Win10 Debug|x64
		{1DDC3737-01E5-401D-931E-7CAAF1C5B095}.Win10 Debug|x64.Deploy.0 = Win10 Debug|x64
		{1DDC3737-01E5-401D-931E-7CAAF1C5B095}.Win10 Debug|x86.ActiveCfg = Win10 Debug|Win32
		{1DDC3737-01E5-401D-931E-7CAAF1C5B095}.Win10 Debug|x86.Build.0 = Win10 Debug|Win32
		{1DDC3737-01E5-401D-931E-7CAAF1C5B095}.Win10 Debug|x86.Deploy.0 = Win10 Debug|Win32
		{1DDC3737-01E5-401D-931E-7CAAF1C5B095}.Win10 Release|x64.ActiveCfg = Win10 Release|x64
		{1DDC3737-01E5-401D-931E-7CAAF1C5B095}.Win10 Release|x64.Build.0 = Win10 Release|x64
		{1DDC3737-01E5-401D-931E-7CAAF1C5B095}.Win10 Release|x64.Deploy.0 = Win10 Release|x64
		{1DDC3737-01E5-401D-931E-7CAAF1C5B095}.Win10 Release|x86.ActiveCfg = Win10 Release|Win32
		{1DDC3737-01E5-401D-931E-7CAAF1C5B095}.Win10 Release|x86.Build.0 = Win10 Release|Win32
		{1DDC3737-01E5-401D-931E-7CAAF1C5B095}.Win10 Release|x86.Deploy.0 = Win10 Release|Win32
		{1DDC3737-01E5-401D-931E-7CAAF1C5B095}.Win8 Debug|x64.ActiveCfg = Win8 Debug|x64
		{1DDC3737-01E5-401D-931E-7CAAF1C5B095}.Win8 Debug|x64.Build.0 = Win8 Debug|x64
		{1DDC3737-01E5-401D-931E-7CAAF1C5B095}.Win8 Debug|x64.Deploy.0 = Win8 Debug|x64
		{1DDC3737-01E5-401D-931E-7CAAF1C5B095}.Win8 Debug|x86.ActiveCfg = Win8 Debug|Win32
		{1DDC3737-01E5-401D-931E-7CAAF1C5B095}.Win8 Debug|x86.Build.0 = Win8 Debug|Win32
		{1DDC3737-01E5-401D-931E-7CAAF1C5B095}.Win8 Debug|x86.Deploy.0 = Win8 Debug|Win32
		{1DDC3737-01E5-401D-931E-7CAAF1C5B095}.Win8 Release|x64.ActiveCfg = Win8 Release|x64
		{1DDC3737-01E5-401D-931E-7CAAF1C5B095}.Win8 Release|x64.Build.0 = Win8 Release|x64
		{1DDC3737-01E5-401D-931E-7CAAF1C5B095}.Win8 Release|x64.Deploy.0 = Win8 Release|x64
		{1DDC3737-01E5-401D-931E-7CAAF1C5B095}.Win8 Release|x86.ActiveCfg = Win8 Release|Win32
		{1DDC3737-01E5-401D-931E-7CAAF1C5B095}.Win8 Release|x86.Build.0 = Win8 Release|Win32
		{1DDC3737-01E5-401D-931E-7CAAF1C5B095}.Win8 Release|x86.Deploy.0 = Win8 Release|Win32
		{1DDC3737-01E5-401D-931E-7CAAF1C5B095}.Win8.1 Debug|x64.ActiveCfg = Win8.1 Debug|x64
		{1DDC3737-01E5-401D-931E-7CAAF1C5B095}.Win8.1 Debug|x64.Build.0 = Win8.1 Debug|x64
		{1DDC3737-01E5-401D-931E-7CAAF1C5B095}.Win8.1 Debug|x64.Deploy.0 = Win8.1 Debug|x64
		{1DDC3737-01E5-401D-931E-7CAAF1C5B095}.Win8.1 Debug|x86.ActiveCfg = Win8.1 Debug|Win32
		{1DDC3737-01E5-401D-931E-7CAAF1C5B095}.Win8.1 Debug|x86.Build.0 = Win8.1 Debug|Win32
		{1DDC3737-01E5-401D-931E-7CAAF1C5B095}.Win8.1 Debug|x86.Deploy.0 = Win8.1 Debug|Win32
		{1DDC3737-01E5-401D-931E-7CAAF1C5B095}.Win8.1 Release|x64.ActiveCfg = Win8.1 Release|x64
		{1DDC3737-01E5-401D-931E-7CAAF1C5B095}.Win8.1 Release|x64.Build.0 = Win8.1 Release|x64
		{1DDC3737-01E5-401D-931E-7CAAF1C5B095}.Win8.1 Release|x64.Deploy.0 = Win8.1 Release|x64
		{1DDC3737-01E5-401D-931E-7CAAF1C5B095}.Win8.1 Release|x86.ActiveCfg = Win8.1 Release|Win32
		{1DDC3737-01E5-401D-931E-7CAAF1C5B095}.Win8.1 Release|x86.Build.0 = Win8.1 Release|Win32
		{1DDC3737-01E5-401D-931E-7CAAF1C5B095}.Win8.1 Release|x86.Deploy.0 = Win8.1 Release|Win32
		{397E58D5-E0EB-420A-BD68-9E5DDC83607E}.Debug|x64.ActiveCfg = Debug|x64
		{397E58D5-E0EB-420A-BD68-9E5DDC83607E}.Debug|x64.Build.0 = Debug|x64
		{397E58D5-E0EB-420A-BD68-9E5DDC83607E}.Debug|x64.Deploy.0 = Debug|x64
		{397E58D5-E0EB-420A-BD68-9E5DDC83607E}.Debug|x86.ActiveCfg = Debug|Win32
		{397E58D5-E0EB-420A-BD68-9E5DDC83607E}.Debug|x86.Build.0 = Debug|Win32
		{397E58D5-E0EB-420A-BD68-9E5DDC83607E}.Debug|x86.Deploy.0 = Debug|Win32
		{397E58D5-E0EB-420A-BD68-9E5DDC83607E}.Release|x64.ActiveCfg = Release|x64
		{397E58D5-E0EB-420A-BD68-9E5DDC83607E}.Release|x64.Build.0 = Release|x64
		{397E58D5-E0EB-420A-BD68-9E5DDC83607E}.Release|x64.Deploy.0 = Release|x64
		{397E58D5-E0EB-420A-BD68-9E5DDC83607E}.Release|x86.ActiveCfg = Release|Win32
		{397E58D5-E0EB-420A-BD68-9E5DDC83607E}.Release|x86.Build.0 = Release|Win32
		{397E58D5-E0EB-420A-BD68-9E5DDC83607E}.Release|x86.Deploy.0 = Release|Win32
		{397E58D5-E0EB-420A-BD68-9E5DDC83607E}.Win10 Debug|x64.ActiveCfg = Win10 Debug|x64
		{397E58D5-E0EB-420A-BD68-9E5DDC83607E}.Win10 Debug|x64.Build.0 = Win10 Debug|x64
		{397E58D5-E0EB-420A-BD68-9E5DDC83607E}.Win10 Debug|x64.Deploy.0 = Win10 Debug|x64
		{397E58D5-E0EB-420A-BD68-9E5DDC83607E}.Win10 Debug|x86.ActiveCfg = Win10 Debug|Win32
		{397E58D5-E0EB-420A-BD68-9E5DDC83607E}.Win10 Debug|x86.Build.0 = Win10 Debug|Win32
		{397E58D5-E0EB-420A-BD68-9E5DDC83607E}.Win10 Debug|x86.Deploy.0 = Win10 Debug|Win32
		{397E58D5-E0EB-420A-BD68-9E5DDC83607E}.Win10 Release|x64.ActiveCfg = Win10 Release|x64
		{397E58D5-E0EB-420A-BD68-9E5DDC83607E}.Win10 Release|x64.Build.0 = Win10 Release|x64
		{397E58D5-E0EB-420A-BD68-9E5DDC83607E}.Win10 Release|x64.Deploy.0 = Win10 Release|x64
		{397E58D5-E0EB-420A-BD68-9E5DDC83607E}.Win10 Release|x86.ActiveCfg = Win10 Release|Win32
		{397E58D5-E0EB-420A-BD68-9E5DDC83607E}.Win10 Release|x86.Build.0 = Win10 Release|Win32
		{397E58D5-E0EB-420A-BD68-9E5DDC83607E}.Win10 Release|x86.Deploy.0 = Win10 Release|Win32
		{397E58D5-E0EB-420A-BD68-9E5DDC83607E}.Win8 Debug|x64.ActiveCfg = Win8 Debug|x64
		{397E58D5-E0EB-420A-BD68-9E5DDC83607E}.Win8 Debug|x64.Build.0 = Win8 Debug|x64
		{397E58D5-E0EB-420A-BD68-9E5DDC83607E}.Win8 Debug|x64.Deploy.0 = Win8 Debug|x64
		{397E58D5-E0EB-420A-BD68-9E5DDC83607E}.Win8 Debug|x86.ActiveCfg = Win8 Debug|Win32
		{397E58D5-E0EB-420A-BD68-9E5DDC83607E}.Win8 Debug|x86.Build.0 = Win8 Debug|Win32
		{397E58D5-E0EB-420A-BD68-9E5DDC83607E}.Win8 Debug|x86.Deploy.0 = Win8 Debug|Win32
		{397E58D5-E0EB-420A-BD68-9E5DDC83607E}.Win8 Release|x64.ActiveCfg = Win8 Release|x64
		{397E58D5-E0EB-420A-BD68-9E5DDC83607E}.Win8 Release|x64.Build.0 = Win8 Release|x64
		{397E58D5-E0EB-420A-BD68-9E5DDC83607E}.Win8 Release|x64.Deploy.0 = Win8 Release|x64
		{397E58D5-E0EB-420A-BD68-9E5DDC83607E}.Win8 Release|x86.ActiveCfg = Win8 Release|Win32
		{397E58D5-E0EB-420A-BD68-9E5DDC83607E}.Win8 Release|x86.Build.0 = Win8 Release|Win32
		{397E58D5-E0EB-420A-BD68-9E5DDC83607E}.Win8 Release|x86.Deploy.0 = Win8 Release|Win32
		{397E58D5-E0EB-420A-BD68-9E5DDC83607E}.Win8.1 Debug|x64.ActiveCfg = Win8.1 Debug|x64
		{397E58D5-E0EB-420A-BD68-9E5DDC83607E}.Win8.1 Debug|x64.Build.0 = Win8.1 Debug|x64
		{397E58D5-E0EB-420A-BD68-9E5DDC83607E}.Win8.1 Debug|x64.Deploy.0 = Win8.1 Debug|x64
		{397E58D5-E0EB-420A-BD68-9E5DDC83607E}.Win8.1 Debug|x86.ActiveCfg = Win8.1 Debug|Win32
		{397E58D5-E0EB-420A-BD68-9E5DDC83607E}.Win8.1 Debug|x86.Build.0 = Win8.1 Debug|Win32
		{397E58D5-E0EB-420A-BD68-9E5DDC83607E}.Win8.1 Debug|x86.Deploy.0 = Win8.1 Debug|Win32
		{397E58D5-E0EB-420A-BD68-9E5DDC83607E}.Win8.1 Release|x64.ActiveCfg = Win8.1 Release|x64
		{397E58D5-E0EB-420A-BD68-9E5DDC83607E}.Win8.1 Release|x64.Build.0 = Win8.1 Release|x64
		{397E58D5-E0EB-420A-BD68-9E5DDC83607E}.Win8.1 Release|x64.Deploy.0 = Win8.1 Release|x64
		{397E58D5-E0EB-420A-BD68-9E5DDC83607E}.Win8.1 Release|x86.ActiveCfg = Win8.1 Release|Win32
		{397E58D5-E0EB-420A-BD68-9E5DDC83607E}.Win8.1 Release|x86.Build.0 = Win8.1 Release|Win32
		{397E58D5-E0EB-420A-BD68-9E5DDC83607E}.Win8.1 Release|x86.Deploy.0 = Win8.1 Release|Win32
	EndGlobalSection
	GlobalSection(SolutionProperties) = preSolution
		HideSolutionNode = FALSE
	EndGlobalSection
	GlobalSection(ExtensibilityGlobals) = postSolution
		        SolutionGuid = {46FB08C5-4257-44D8-A96B-4DF76C236304}
		SolutionGuid = {51C0A624-9728-4360-91E0-61FFFC94FCF0}
	EndGlobalSection
EndGlobal
